PODS:
  - AdmostFairAds (1.3.0)
  - AMRAdapterYandex (6.3.0.0):
    - AMRSDK (~> 1.5.38)
    - YandexMobileAds (= 6.3.0)
  - AMRSDK (1.5.42):
    - AMRSDK/AFA (= 1.5.42)
    - AMRSDK/Core (= 1.5.42)
    - KokteylLog (~> 1.1.1)
  - AMRSDK/AFA (1.5.42):
    - AdmostFairAds (~> 1.3.0)
    - KokteylLog (~> 1.1.1)
  - AMRSDK/Core (1.5.42):
    - KokteylLog (~> 1.1.1)
  - DivKit (28.13.0):
    - DivKit_LayoutKit (= 28.13.0)
    - DivKit_Serialization (= 28.13.0)
    - VGSLCommonCore (~> 2.4)
    - VGSLNetworking (~> 2.4)
  - DivKit_LayoutKit (28.13.0):
    - DivKit_LayoutKitInterface (= 28.13.0)
    - VGSLCommonCore (~> 2.4)
  - DivKit_LayoutKitInterface (28.13.0):
    - VGSLBase (~> 2.4)
    - VGSLBaseTiny (~> 2.4)
    - VGSLBaseUI (~> 2.4)
  - DivKit_Serialization (28.13.0):
    - VGSLCommonCore (~> 2.4)
  - KokteylLog (1.1.1)
  - VGSL_Fundamentals (2.4.1):
    - VGSL_Fundamentals_Tiny (= 2.4.1)
  - VGSL_Fundamentals_Tiny (2.4.1)
  - VGSLBase (2.4.1):
    - VGSL_Fundamentals (= 2.4.1)
    - VGSLBaseTiny (= 2.4.1)
    - VGSLBaseUI (= 2.4.1)
  - VGSLBaseTiny (2.4.1):
    - VGSL_Fundamentals_Tiny (= 2.4.1)
  - VGSLBaseUI (2.4.1):
    - VGSLBaseTiny (= 2.4.1)
  - VGSLCommonCore (2.4.1):
    - VGSLBase (= 2.4.1)
  - VGSLNetworking (2.4.1):
    - VGSLBase (= 2.4.1)
  - YandexMobileAds (6.3.0):
    - DivKit (= 28.13.0)
    - YandexMobileAds/Static (= 6.3.0)
  - YandexMobileAds/Static (6.3.0):
    - DivKit (= 28.13.0)
    - YandexMobileMetrica (< 5.0.0, >= 4.0.0)
  - YandexMobileMetrica (4.5.2):
    - YandexMobileMetrica/Static (= 4.5.2)
  - YandexMobileMetrica/Static (4.5.2):
    - YandexMobileMetrica/Static/Core (= 4.5.2)
    - YandexMobileMetrica/Static/Crashes (= 4.5.2)
  - YandexMobileMetrica/Static/Core (4.5.2)
  - YandexMobileMetrica/Static/Crashes (4.5.2):
    - YandexMobileMetrica/Static/Core

DEPENDENCIES:
  - AMRAdapterYandex (~> 6.1)
  - AMRSDK (~> 1.5)

SPEC REPOS:
  trunk:
    - AdmostFairAds
    - AMRAdapterYandex
    - AMRSDK
    - DivKit
    - DivKit_LayoutKit
    - DivKit_LayoutKitInterface
    - DivKit_Serialization
    - KokteylLog
    - VGSL_Fundamentals
    - VGSL_Fundamentals_Tiny
    - VGSLBase
    - VGSLBaseTiny
    - VGSLBaseUI
    - VGSLCommonCore
    - VGSLNetworking
    - YandexMobileAds
    - YandexMobileMetrica

SPEC CHECKSUMS:
  AdmostFairAds: 48b211144afdd87b27457deeaaf3e0fd796bf277
  AMRAdapterYandex: a3ebc877c0a572ad7fb64781f56254710e4501ee
  AMRSDK: 6f7bff52d145e4ef3def10603c38d44b91ba37a4
  DivKit: 65af423ea03c32b6ecaa63a64d4a2ea26c217f3b
  DivKit_LayoutKit: 3f88fab9edefb4938b9ccb5359ecbce4e1eeba69
  DivKit_LayoutKitInterface: 90449756ba956a7fbf3b168c01f7a0b7fc6a9de0
  DivKit_Serialization: 1b536e30c49163548bb62120320097c8ab41936d
  KokteylLog: bfac8bacdadc0723364e0617cdeb99cedae2a69e
  VGSL_Fundamentals: 4a965a687c76a5a435d7aaeb6b7182e82408bf4c
  VGSL_Fundamentals_Tiny: feab274b20c5838fbe09b887db0f6cfa28e26a1c
  VGSLBase: 37b95dd4ea137f73e8f9a8bd8ec474d8b4d75a68
  VGSLBaseTiny: 0a0a4992a348184e8580cf73efa8eb373d750f6b
  VGSLBaseUI: 62f147155e7b7049a32a30ac87b5bd8b83e636c5
  VGSLCommonCore: dd33088af6633d1c09f0c9bb8027920b99e2e0c8
  VGSLNetworking: e12d616b447522bf524c689d28f55cfbb20473cd
  YandexMobileAds: 790d7b35909e9c2ed55d56416026c6459943e358
  YandexMobileMetrica: f5368ee93f286c793d73b58da00929babfc897c1

PODFILE CHECKSUM: af948b7f82f2e48361c8d05225a4de793d6e8f4f

COCOAPODS: 1.14.3
